// !$*UTF8*$!
{
	archiveVersion = 1;
	classes = {
	};
	objectVersion = 56;
	objects = {

/* Begin PBXBuildFile section */
		30FE735F2B8F890300B963B7 /* Rubber_WarriorsApp.swift in Sources */ = {isa = PBXBuildFile; fileRef = 30FE735E2B8F890300B963B7 /* Rubber_WarriorsApp.swift */; };
		30FE73612B8F890300B963B7 /* ContentView.swift in Sources */ = {isa = PBXBuildFile; fileRef = 30FE73602B8F890300B963B7 /* ContentView.swift */; };
		30FE73632B8F890500B963B7 /* Assets.xcassets in Resources */ = {isa = PBXBuildFile; fileRef = 30FE73622B8F890500B963B7 /* Assets.xcassets */; };
		30FE73662B8F890500B963B7 /* Preview Assets.xcassets in Resources */ = {isa = PBXBuildFile; fileRef = 30FE73652B8F890500B963B7 /* Preview Assets.xcassets */; };
		30FE73702B8F890500B963B7 /* Rubber_WarriorsTests.swift in Sources */ = {isa = PBXBuildFile; fileRef = 30FE736F2B8F890500B963B7 /* Rubber_WarriorsTests.swift */; };
		30FE737A2B8F890500B963B7 /* Rubber_WarriorsUITests.swift in Sources */ = {isa = PBXBuildFile; fileRef = 30FE73792B8F890500B963B7 /* Rubber_WarriorsUITests.swift */; };
		30FE737C2B8F890500B963B7 /* Rubber_WarriorsUITestsLaunchTests.swift in Sources */ = {isa = PBXBuildFile; fileRef = 30FE737B2B8F890500B963B7 /* Rubber_WarriorsUITestsLaunchTests.swift */; };
		467118472B98C5F700445F2B /* Ducks.swift in Sources */ = {isa = PBXBuildFile; fileRef = 467118462B98C5F700445F2B /* Ducks.swift */; };
/* End PBXBuildFile section */

/* Begin PBXContainerItemProxy section */
		30FE736C2B8F890500B963B7 /* PBXContainerItemProxy */ = {
			isa = PBXContainerItemProxy;
			containerPortal = 30FE73532B8F890300B963B7 /* Project object */;
			proxyType = 1;
			remoteGlobalIDString = 30FE735A2B8F890300B963B7;
			remoteInfo = "Rubber Warriors";
		};
		30FE73762B8F890500B963B7 /* PBXContainerItemProxy */ = {
			isa = PBXContainerItemProxy;
			containerPortal = 30FE73532B8F890300B963B7 /* Project object */;
			proxyType = 1;
			remoteGlobalIDString = 30FE735A2B8F890300B963B7;
			remoteInfo = "Rubber Warriors";
		};
/* End PBXContainerItemProxy section */

/* Begin PBXFileReference section */
		30FE735B2B8F890300B963B7 /* Rubber Warriors.app */ = {isa = PBXFileReference; explicitFileType = wrapper.application; includeInIndex = 0; path = "Rubber Warriors.app"; sourceTree = BUILT_PRODUCTS_DIR; };
		30FE735E2B8F890300B963B7 /* Rubber_WarriorsApp.swift */ = {isa = PBXFileReference; lastKnownFileType = sourcecode.swift; path = Rubber_WarriorsApp.swift; sourceTree = "<group>"; };
		30FE73602B8F890300B963B7 /* ContentView.swift */ = {isa = PBXFileReference; lastKnownFileType = sourcecode.swift; path = ContentView.swift; sourceTree = "<group>"; };
		30FE73622B8F890500B963B7 /* Assets.xcassets */ = {isa = PBXFileReference; lastKnownFileType = folder.assetcatalog; path = Assets.xcassets; sourceTree = "<group>"; };
		30FE73652B8F890500B963B7 /* Preview Assets.xcassets */ = {isa = PBXFileReference; lastKnownFileType = folder.assetcatalog; path = "Preview Assets.xcassets"; sourceTree = "<group>"; };
		30FE736B2B8F890500B963B7 /* Rubber WarriorsTests.xctest */ = {isa = PBXFileReference; explicitFileType = wrapper.cfbundle; includeInIndex = 0; path = "Rubber WarriorsTests.xctest"; sourceTree = BUILT_PRODUCTS_DIR; };
		30FE736F2B8F890500B963B7 /* Rubber_WarriorsTests.swift */ = {isa = PBXFileReference; lastKnownFileType = sourcecode.swift; path = Rubber_WarriorsTests.swift; sourceTree = "<group>"; };
		30FE73752B8F890500B963B7 /* Rubber WarriorsUITests.xctest */ = {isa = PBXFileReference; explicitFileType = wrapper.cfbundle; includeInIndex = 0; path = "Rubber WarriorsUITests.xctest"; sourceTree = BUILT_PRODUCTS_DIR; };
		30FE73792B8F890500B963B7 /* Rubber_WarriorsUITests.swift */ = {isa = PBXFileReference; lastKnownFileType = sourcecode.swift; path = Rubber_WarriorsUITests.swift; sourceTree = "<group>"; };
		30FE737B2B8F890500B963B7 /* Rubber_WarriorsUITestsLaunchTests.swift */ = {isa = PBXFileReference; lastKnownFileType = sourcecode.swift; path = Rubber_WarriorsUITestsLaunchTests.swift; sourceTree = "<group>"; };
		467118462B98C5F700445F2B /* Ducks.swift */ = {isa = PBXFileReference; lastKnownFileType = sourcecode.swift; path = Ducks.swift; sourceTree = "<group>"; };
/* End PBXFileReference section */

/* Begin PBXFrameworksBuildPhase section */
		30FE73582B8F890300B963B7 /* Frameworks */ = {
			isa = PBXFrameworksBuildPhase;
			buildActionMask = 2147483647;
			files = (
			);
			runOnlyForDeploymentPostprocessing = 0;
		};
		30FE73682B8F890500B963B7 /* Frameworks */ = {
			isa = PBXFrameworksBuildPhase;
			buildActionMask = 2147483647;
			files = (
			);
			runOnlyForDeploymentPostprocessing = 0;
		};
		30FE73722B8F890500B963B7 /* Frameworks */ = {
			isa = PBXFrameworksBuildPhase;
			buildActionMask = 2147483647;
			files = (
			);
			runOnlyForDeploymentPostprocessing = 0;
		};
/* End PBXFrameworksBuildPhase section */

/* Begin PBXGroup section */
		30FE73522B8F890300B963B7 = {
			isa = PBXGroup;
			children = (
				30FE735D2B8F890300B963B7 /* Rubber Warriors */,
				30FE736E2B8F890500B963B7 /* Rubber WarriorsTests */,
				30FE73782B8F890500B963B7 /* Rubber WarriorsUITests */,
				30FE735C2B8F890300B963B7 /* Products */,
			);
			sourceTree = "<group>";
		};
		30FE735C2B8F890300B963B7 /* Products */ = {
			isa = PBXGroup;
			children = (
				30FE735B2B8F890300B963B7 /* Rubber Warriors.app */,
				30FE736B2B8F890500B963B7 /* Rubber WarriorsTests.xctest */,
				30FE73752B8F890500B963B7 /* Rubber WarriorsUITests.xctest */,
			);
			name = Products;
			sourceTree = "<group>";
		};
		30FE735D2B8F890300B963B7 /* Rubber Warriors */ = {
			isa = PBXGroup;
			children = (
				30FE735E2B8F890300B963B7 /* Rubber_WarriorsApp.swift */,
				30FE73602B8F890300B963B7 /* ContentView.swift */,
				467118462B98C5F700445F2B /* Ducks.swift */,
				30FE73622B8F890500B963B7 /* Assets.xcassets */,
				30FE73642B8F890500B963B7 /* Preview Content */,
			);
			path = "Rubber Warriors";
			sourceTree = "<group>";
		};
		30FE73642B8F890500B963B7 /* Preview Content */ = {
			isa = PBXGroup;
			children = (
				30FE73652B8F890500B963B7 /* Preview Assets.xcassets */,
			);
			path = "Preview Content";
			sourceTree = "<group>";
		};
		30FE736E2B8F890500B963B7 /* Rubber WarriorsTests */ = {
			isa = PBXGroup;
			children = (
				30FE736F2B8F890500B963B7 /* Rubber_WarriorsTests.swift */,
			);
			path = "Rubber WarriorsTests";
			sourceTree = "<group>";
		};
		30FE73782B8F890500B963B7 /* Rubber WarriorsUITests */ = {
			isa = PBXGroup;
			children = (
				30FE73792B8F890500B963B7 /* Rubber_WarriorsUITests.swift */,
				30FE737B2B8F890500B963B7 /* Rubber_WarriorsUITestsLaunchTests.swift */,
			);
			path = "Rubber WarriorsUITests";
			sourceTree = "<group>";
		};
/* End PBXGroup section */

/* Begin PBXNativeTarget section */
		30FE735A2B8F890300B963B7 /* Rubber Warriors */ = {
			isa = PBXNativeTarget;
			buildConfigurationList = 30FE737F2B8F890500B963B7 /* Build configuration list for PBXNativeTarget "Rubber Warriors" */;
			buildPhases = (
				30FE73572B8F890300B963B7 /* Sources */,
				30FE73582B8F890300B963B7 /* Frameworks */,
				30FE73592B8F890300B963B7 /* Resources */,
			);
			buildRules = (
			);
			dependencies = (
			);
			name = "Rubber Warriors";
			productName = "Rubber Warriors";
			productReference = 30FE735B2B8F890300B963B7 /* Rubber Warriors.app */;
			productType = "com.apple.product-type.application";
		};
		30FE736A2B8F890500B963B7 /* Rubber WarriorsTests */ = {
			isa = PBXNativeTarget;
			buildConfigurationList = 30FE73822B8F890500B963B7 /* Build configuration list for PBXNativeTarget "Rubber WarriorsTests" */;
			buildPhases = (
				30FE73672B8F890500B963B7 /* Sources */,
				30FE73682B8F890500B963B7 /* Frameworks */,
				30FE73692B8F890500B963B7 /* Resources */,
			);
			buildRules = (
			);
			dependencies = (
				30FE736D2B8F890500B963B7 /* PBXTargetDependency */,
			);
			name = "Rubber WarriorsTests";
			productName = "Rubber WarriorsTests";
			productReference = 30FE736B2B8F890500B963B7 /* Rubber WarriorsTests.xctest */;
			productType = "com.apple.product-type.bundle.unit-test";
		};
		30FE73742B8F890500B963B7 /* Rubber WarriorsUITests */ = {
			isa = PBXNativeTarget;
			buildConfigurationList = 30FE73852B8F890500B963B7 /* Build configuration list for PBXNativeTarget "Rubber WarriorsUITests" */;
			buildPhases = (
				30FE73712B8F890500B963B7 /* Sources */,
				30FE73722B8F890500B963B7 /* Frameworks */,
				30FE73732B8F890500B963B7 /* Resources */,
			);
			buildRules = (
			);
			dependencies = (
				30FE73772B8F890500B963B7 /* PBXTargetDependency */,
			);
			name = "Rubber WarriorsUITests";
			productName = "Rubber WarriorsUITests";
			productReference = 30FE73752B8F890500B963B7 /* Rubber WarriorsUITests.xctest */;
			productType = "com.apple.product-type.bundle.ui-testing";
		};
/* End PBXNativeTarget section */

/* Begin PBXProject section */
		30FE73532B8F890300B963B7 /* Project object */ = {
			isa = PBXProject;
			attributes = {
				BuildIndependentTargetsInParallel = 1;
				LastSwiftUpdateCheck = 1520;
				LastUpgradeCheck = 1520;
				TargetAttributes = {
					30FE735A2B8F890300B963B7 = {
						CreatedOnToolsVersion = 15.2;
					};
					30FE736A2B8F890500B963B7 = {
						CreatedOnToolsVersion = 15.2;
						TestTargetID = 30FE735A2B8F890300B963B7;
					};
					30FE73742B8F890500B963B7 = {
						CreatedOnToolsVersion = 15.2;
						TestTargetID = 30FE735A2B8F890300B963B7;
					};
				};
			};
			buildConfigurationList = 30FE73562B8F890300B963B7 /* Build configuration list for PBXProject "Rubber Warriors" */;
			compatibilityVersion = "Xcode 14.0";
			developmentRegion = en;
			hasScannedForEncodings = 0;
			knownRegions = (
				en,
				Base,
			);
			mainGroup = 30FE73522B8F890300B963B7;
			productRefGroup = 30FE735C2B8F890300B963B7 /* Products */;
			projectDirPath = "";
			projectRoot = "";
			targets = (
				30FE735A2B8F890300B963B7 /* Rubber Warriors */,
				30FE736A2B8F890500B963B7 /* Rubber WarriorsTests */,
				30FE73742B8F890500B963B7 /* Rubber WarriorsUITests */,
			);
		};
/* End PBXProject section */

/* Begin PBXResourcesBuildPhase section */
		30FE73592B8F890300B963B7 /* Resources */ = {
			isa = PBXResourcesBuildPhase;
			buildActionMask = 2147483647;
			files = (
				30FE73662B8F890500B963B7 /* Preview Assets.xcassets in Resources */,
				30FE73632B8F890500B963B7 /* Assets.xcassets in Resources */,
			);
			runOnlyForDeploymentPostprocessing = 0;
		};
		30FE73692B8F890500B963B7 /* Resources */ = {
			isa = PBXResourcesBuildPhase;
			buildActionMask = 2147483647;
			files = (
			);
			runOnlyForDeploymentPostprocessing = 0;
		};
		30FE73732B8F890500B963B7 /* Resources */ = {
			isa = PBXResourcesBuildPhase;
			buildActionMask = 2147483647;
			files = (
			);
			runOnlyForDeploymentPostprocessing = 0;
		};
/* End PBXResourcesBuildPhase section */

/* Begin PBXSourcesBuildPhase section */
		30FE73572B8F890300B963B7 /* Sources */ = {
			isa = PBXSourcesBuildPhase;
			buildActionMask = 2147483647;
			files = (
				30FE73612B8F890300B963B7 /* ContentView.swift in Sources */,
				467118472B98C5F700445F2B /* Ducks.swift in Sources */,
				30FE735F2B8F890300B963B7 /* Rubber_WarriorsApp.swift in Sources */,
			);
			runOnlyForDeploymentPostprocessing = 0;
		};
		30FE73672B8F890500B963B7 /* Sources */ = {
			isa = PBXSourcesBuildPhase;
			buildActionMask = 2147483647;
			files = (
				30FE73702B8F890500B963B7 /* Rubber_WarriorsTests.swift in Sources */,
			);
			runOnlyForDeploymentPostprocessing = 0;
		};
		30FE73712B8F890500B963B7 /* Sources */ = {
			isa = PBXSourcesBuildPhase;
			buildActionMask = 2147483647;
			files = (
				30FE737A2B8F890500B963B7 /* Rubber_WarriorsUITests.swift in Sources */,
				30FE737C2B8F890500B963B7 /* Rubber_WarriorsUITestsLaunchTests.swift in Sources */,
			);
			runOnlyForDeploymentPostprocessing = 0;
		};
/* End PBXSourcesBuildPhase section */

/* Begin PBXTargetDependency section */
		30FE736D2B8F890500B963B7 /* PBXTargetDependency */ = {
			isa = PBXTargetDependency;
			target = 30FE735A2B8F890300B963B7 /* Rubber Warriors */;
			targetProxy = 30FE736C2B8F890500B963B7 /* PBXContainerItemProxy */;
		};
		30FE73772B8F890500B963B7 /* PBXTargetDependency */ = {
			isa = PBXTargetDependency;
			target = 30FE735A2B8F890300B963B7 /* Rubber Warriors */;
			targetProxy = 30FE73762B8F890500B963B7 /* PBXContainerItemProxy */;
		};
/* End PBXTargetDependency section */

/* Begin XCBuildConfiguration section */
		30FE737D2B8F890500B963B7 /* Debug */ = {
			isa = XCBuildConfiguration;
			buildSettings = {
				ALWAYS_SEARCH_USER_PATHS = NO;
				ASSETCATALOG_COMPILER_GENERATE_SWIFT_ASSET_SYMBOL_EXTENSIONS = YES;
				CLANG_ANALYZER_NONNULL = YES;
				CLANG_ANALYZER_NUMBER_OBJECT_CONVERSION = YES_AGGRESSIVE;
				CLANG_CXX_LANGUAGE_STANDARD = "gnu++20";
				CLANG_ENABLE_MODULES = YES;
				CLANG_ENABLE_OBJC_ARC = YES;
				CLANG_ENABLE_OBJC_WEAK = YES;
				CLANG_WARN_BLOCK_CAPTURE_AUTORELEASING = YES;
				CLANG_WARN_BOOL_CONVERSION = YES;
				CLANG_WARN_COMMA = YES;
				CLANG_WARN_CONSTANT_CONVERSION = YES;
				CLANG_WARN_DEPRECATED_OBJC_IMPLEMENTATIONS = YES;
				CLANG_WARN_DIRECT_OBJC_ISA_USAGE = YES_ERROR;
				CLANG_WARN_DOCUMENTATION_COMMENTS = YES;
				CLANG_WARN_EMPTY_BODY = YES;
				CLANG_WARN_ENUM_CONVERSION = YES;
				CLANG_WARN_INFINITE_RECURSION = YES;
				CLANG_WARN_INT_CONVERSION = YES;
				CLANG_WARN_NON_LITERAL_NULL_CONVERSION = YES;
				CLANG_WARN_OBJC_IMPLICIT_RETAIN_SELF = YES;
				CLANG_WARN_OBJC_LITERAL_CONVERSION = YES;
				CLANG_WARN_OBJC_ROOT_CLASS = YES_ERROR;
				CLANG_WARN_QUOTED_INCLUDE_IN_FRAMEWORK_HEADER = YES;
				CLANG_WARN_RANGE_LOOP_ANALYSIS = YES;
				CLANG_WARN_STRICT_PROTOTYPES = YES;
				CLANG_WARN_SUSPICIOUS_MOVE = YES;
				CLANG_WARN_UNGUARDED_AVAILABILITY = YES_AGGRESSIVE;
				CLANG_WARN_UNREACHABLE_CODE = YES;
				CLANG_WARN__DUPLICATE_METHOD_MATCH = YES;
				COPY_PHASE_STRIP = NO;
				DEBUG_INFORMATION_FORMAT = dwarf;
				ENABLE_STRICT_OBJC_MSGSEND = YES;
				ENABLE_TESTABILITY = YES;
				ENABLE_USER_SCRIPT_SANDBOXING = YES;
				GCC_C_LANGUAGE_STANDARD = gnu17;
				GCC_DYNAMIC_NO_PIC = NO;
				GCC_NO_COMMON_BLOCKS = YES;
				GCC_OPTIMIZATION_LEVEL = 0;
				GCC_PREPROCESSOR_DEFINITIONS = (
					"DEBUG=1",
					"$(inherited)",
				);
				GCC_WARN_64_TO_32_BIT_CONVERSION = YES;
				GCC_WARN_ABOUT_RETURN_TYPE = YES_ERROR;
				GCC_WARN_UNDECLARED_SELECTOR = YES;
				GCC_WARN_UNINITIALIZED_AUTOS = YES_AGGRESSIVE;
				GCC_WARN_UNUSED_FUNCTION = YES;
				GCC_WARN_UNUSED_VARIABLE = YES;
				IPHONEOS_DEPLOYMENT_TARGET = 17.2;
				LOCALIZATION_PREFERS_STRING_CATALOGS = YES;
				MTL_ENABLE_DEBUG_INFO = INCLUDE_SOURCE;
				MTL_FAST_MATH = YES;
				ONLY_ACTIVE_ARCH = YES;
				SDKROOT = iphoneos;
				SWIFT_ACTIVE_COMPILATION_CONDITIONS = "DEBUG $(inherited)";
				SWIFT_OPTIMIZATION_LEVEL = "-Onone";
			};
			name = Debug;
		};
		30FE737E2B8F890500B963B7 /* Release */ = {
			isa = XCBuildConfiguration;
			buildSettings = {
				ALWAYS_SEARCH_USER_PATHS = NO;
				ASSETCATALOG_COMPILER_GENERATE_SWIFT_ASSET_SYMBOL_EXTENSIONS = YES;
				CLANG_ANALYZER_NONNULL = YES;
				CLANG_ANALYZER_NUMBER_OBJECT_CONVERSION = YES_AGGRESSIVE;
				CLANG_CXX_LANGUAGE_STANDARD = "gnu++20";
				CLANG_ENABLE_MODULES = YES;
				CLANG_ENABLE_OBJC_ARC = YES;
				CLANG_ENABLE_OBJC_WEAK = YES;
				CLANG_WARN_BLOCK_CAPTURE_AUTORELEASING = YES;
				CLANG_WARN_BOOL_CONVERSION = YES;
				CLANG_WARN_COMMA = YES;
				CLANG_WARN_CONSTANT_CONVERSION = YES;
				CLANG_WARN_DEPRECATED_OBJC_IMPLEMENTATIONS = YES;
				CLANG_WARN_DIRECT_OBJC_ISA_USAGE = YES_ERROR;
				CLANG_WARN_DOCUMENTATION_COMMENTS = YES;
				CLANG_WARN_EMPTY_BODY = YES;
				CLANG_WARN_ENUM_CONVERSION = YES;
				CLANG_WARN_INFINITE_RECURSION = YES;
				CLANG_WARN_INT_CONVERSION = YES;
				CLANG_WARN_NON_LITERAL_NULL_CONVERSION = YES;
				CLANG_WARN_OBJC_IMPLICIT_RETAIN_SELF = YES;
				CLANG_WARN_OBJC_LITERAL_CONVERSION = YES;
				CLANG_WARN_OBJC_ROOT_CLASS = YES_ERROR;
				CLANG_WARN_QUOTED_INCLUDE_IN_FRAMEWORK_HEADER = YES;
				CLANG_WARN_RANGE_LOOP_ANALYSIS = YES;
				CLANG_WARN_STRICT_PROTOTYPES = YES;
				CLANG_WARN_SUSPICIOUS_MOVE = YES;
				CLANG_WARN_UNGUARDED_AVAILABILITY = YES_AGGRESSIVE;
				CLANG_WARN_UNREACHABLE_CODE = YES;
				CLANG_WARN__DUPLICATE_METHOD_MATCH = YES;
				COPY_PHASE_STRIP = NO;
				DEBUG_INFORMATION_FORMAT = "dwarf-with-dsym";
				ENABLE_NS_ASSERTIONS = NO;
				ENABLE_STRICT_OBJC_MSGSEND = YES;
				ENABLE_USER_SCRIPT_SANDBOXING = YES;
				GCC_C_LANGUAGE_STANDARD = gnu17;
				GCC_NO_COMMON_BLOCKS = YES;
				GCC_WARN_64_TO_32_BIT_CONVERSION = YES;
				GCC_WARN_ABOUT_RETURN_TYPE = YES_ERROR;
				GCC_WARN_UNDECLARED_SELECTOR = YES;
				GCC_WARN_UNINITIALIZED_AUTOS = YES_AGGRESSIVE;
				GCC_WARN_UNUSED_FUNCTION = YES;
				GCC_WARN_UNUSED_VARIABLE = YES;
				IPHONEOS_DEPLOYMENT_TARGET = 17.2;
				LOCALIZATION_PREFERS_STRING_CATALOGS = YES;
				MTL_ENABLE_DEBUG_INFO = NO;
				MTL_FAST_MATH = YES;
				SDKROOT = iphoneos;
				SWIFT_COMPILATION_MODE = wholemodule;
				VALIDATE_PRODUCT = YES;
			};
			name = Release;
		};
		30FE73802B8F890500B963B7 /* Debug */ = {
			isa = XCBuildConfiguration;
			buildSettings = {
				ASSETCATALOG_COMPILER_APPICON_NAME = AppIcon;
				ASSETCATALOG_COMPILER_GLOBAL_ACCENT_COLOR_NAME = AccentColor;
				CODE_SIGN_STYLE = Automatic;
				CURRENT_PROJECT_VERSION = 1;
				DEVELOPMENT_ASSET_PATHS = "\"Rubber Warriors/Preview Content\"";
				DEVELOPMENT_TEAM = NX45SC475G;
				ENABLE_PREVIEWS = YES;
				GENERATE_INFOPLIST_FILE = YES;
				INFOPLIST_KEY_UIApplicationSceneManifest_Generation = YES;
				INFOPLIST_KEY_UIApplicationSupportsIndirectInputEvents = YES;
				INFOPLIST_KEY_UILaunchScreen_Generation = YES;
				INFOPLIST_KEY_UISupportedInterfaceOrientations_iPad = "UIInterfaceOrientationPortrait UIInterfaceOrientationPortraitUpsideDown UIInterfaceOrientationLandscapeLeft UIInterfaceOrientationLandscapeRight";
				INFOPLIST_KEY_UISupportedInterfaceOrientations_iPhone = "UIInterfaceOrientationPortrait UIInterfaceOrientationLandscapeLeft UIInterfaceOrientationLandscapeRight";
				LD_RUNPATH_SEARCH_PATHS = (
					"$(inherited)",
					"@executable_path/Frameworks",
				);
				MARKETING_VERSION = 1.0;
				PRODUCT_BUNDLE_IDENTIFIER = "https---github.com-BaptistChristesen.Rubber-Warriors";
				PRODUCT_NAME = "$(TARGET_NAME)";
				SWIFT_EMIT_LOC_STRINGS = YES;
				SWIFT_VERSION = 5.0;
				TARGETED_DEVICE_FAMILY = "1,2";
			};
			name = Debug;
		};
		30FE73812B8F890500B963B7 /* Release */ = {
			isa = XCBuildConfiguration;
			buildSettings = {
				ASSETCATALOG_COMPILER_APPICON_NAME = AppIcon;
				ASSETCATALOG_COMPILER_GLOBAL_ACCENT_COLOR_NAME = AccentColor;
				CODE_SIGN_STYLE = Automatic;
				CURRENT_PROJECT_VERSION = 1;
				DEVELOPMENT_ASSET_PATHS = "\"Rubber Warriors/Preview Content\"";
				DEVELOPMENT_TEAM = NX45SC475G;
				ENABLE_PREVIEWS = YES;
				GENERATE_INFOPLIST_FILE = YES;
				INFOPLIST_KEY_UIApplicationSceneManifest_Generation = YES;
				INFOPLIST_KEY_UIApplicationSupportsIndirectInputEvents = YES;
				INFOPLIST_KEY_UILaunchScreen_Generation = YES;
				INFOPLIST_KEY_UISupportedInterfaceOrientations_iPad = "UIInterfaceOrientationPortrait UIInterfaceOrientationPortraitUpsideDown UIInterfaceOrientationLandscapeLeft UIInterfaceOrientationLandscapeRight";
				INFOPLIST_KEY_UISupportedInterfaceOrientations_iPhone = "UIInterfaceOrientationPortrait UIInterfaceOrientationLandscapeLeft UIInterfaceOrientationLandscapeRight";
				LD_RUNPATH_SEARCH_PATHS = (
					"$(inherited)",
					"@executable_path/Frameworks",
				);
				MARKETING_VERSION = 1.0;
				PRODUCT_BUNDLE_IDENTIFIER = "https---github.com-BaptistChristesen.Rubber-Warriors";
				PRODUCT_NAME = "$(TARGET_NAME)";
				SWIFT_EMIT_LOC_STRINGS = YES;
				SWIFT_VERSION = 5.0;
				TARGETED_DEVICE_FAMILY = "1,2";
			};
			name = Release;
		};
		30FE73832B8F890500B963B7 /* Debug */ = {
			isa = XCBuildConfiguration;
			buildSettings = {
				ALWAYS_EMBED_SWIFT_STANDARD_LIBRARIES = YES;
				BUNDLE_LOADER = "$(TEST_HOST)";
				CODE_SIGN_STYLE = Automatic;
				CURRENT_PROJECT_VERSION = 1;
				DEVELOPMENT_TEAM = NX45SC475G;
				GENERATE_INFOPLIST_FILE = YES;
				IPHONEOS_DEPLOYMENT_TARGET = 17.2;
				MARKETING_VERSION = 1.0;
				PRODUCT_BUNDLE_IDENTIFIER = "https---github.com-BaptistChristesen.Rubber-WarriorsTests";
				PRODUCT_NAME = "$(TARGET_NAME)";
				SWIFT_EMIT_LOC_STRINGS = NO;
				SWIFT_VERSION = 5.0;
				TARGETED_DEVICE_FAMILY = "1,2";
				TEST_HOST = "$(BUILT_PRODUCTS_DIR)/Rubber Warriors.app/$(BUNDLE_EXECUTABLE_FOLDER_PATH)/Rubber Warriors";
			};
			name = Debug;
		};
		30FE73842B8F890500B963B7 /* Release */ = {
			isa = XCBuildConfiguration;
			buildSettings = {
				ALWAYS_EMBED_SWIFT_STANDARD_LIBRARIES = YES;
				BUNDLE_LOADER = "$(TEST_HOST)";
				CODE_SIGN_STYLE = Automatic;
				CURRENT_PROJECT_VERSION = 1;
				DEVELOPMENT_TEAM = NX45SC475G;
				GENERATE_INFOPLIST_FILE = YES;
				IPHONEOS_DEPLOYMENT_TARGET = 17.2;
				MARKETING_VERSION = 1.0;
				PRODUCT_BUNDLE_IDENTIFIER = "https---github.com-BaptistChristesen.Rubber-WarriorsTests";
				PRODUCT_NAME = "$(TARGET_NAME)";
				SWIFT_EMIT_LOC_STRINGS = NO;
				SWIFT_VERSION = 5.0;
				TARGETED_DEVICE_FAMILY = "1,2";
				TEST_HOST = "$(BUILT_PRODUCTS_DIR)/Rubber Warriors.app/$(BUNDLE_EXECUTABLE_FOLDER_PATH)/Rubber Warriors";
			};
			name = Release;
		};
		30FE73862B8F890500B963B7 /* Debug */ = {
			isa = XCBuildConfiguration;
			buildSettings = {
				ALWAYS_EMBED_SWIFT_STANDARD_LIBRARIES = YES;
				CODE_SIGN_STYLE = Automatic;
				CURRENT_PROJECT_VERSION = 1;
				DEVELOPMENT_TEAM = NX45SC475G;
				GENERATE_INFOPLIST_FILE = YES;
				MARKETING_VERSION = 1.0;
				PRODUCT_BUNDLE_IDENTIFIER = "https---github.com-BaptistChristesen.Rubber-WarriorsUITests";
				PRODUCT_NAME = "$(TARGET_NAME)";
				SWIFT_EMIT_LOC_STRINGS = NO;
				SWIFT_VERSION = 5.0;
				TARGETED_DEVICE_FAMILY = "1,2";
				TEST_TARGET_NAME = "Rubber Warriors";
			};
			name = Debug;
		};
		30FE73872B8F890500B963B7 /* Release */ = {
			isa = XCBuildConfiguration;
			buildSettings = {
				ALWAYS_EMBED_SWIFT_STANDARD_LIBRARIES = YES;
				CODE_SIGN_STYLE = Automatic;
				CURRENT_PROJECT_VERSION = 1;
				DEVELOPMENT_TEAM = NX45SC475G;
				GENERATE_INFOPLIST_FILE = YES;
				MARKETING_VERSION = 1.0;
				PRODUCT_BUNDLE_IDENTIFIER = "https---github.com-BaptistChristesen.Rubber-WarriorsUITests";
				PRODUCT_NAME = "$(TARGET_NAME)";
				SWIFT_EMIT_LOC_STRINGS = NO;
				SWIFT_VERSION = 5.0;
				TARGETED_DEVICE_FAMILY = "1,2";
				TEST_TARGET_NAME = "Rubber Warriors";
			};
			name = Release;
		};
/* End XCBuildConfiguration section */

/* Begin XCConfigurationList section */
		30FE73562B8F890300B963B7 /* Build configuration list for PBXProject "Rubber Warriors" */ = {
			isa = XCConfigurationList;
			buildConfigurations = (
				30FE737D2B8F890500B963B7 /* Debug */,
				30FE737E2B8F890500B963B7 /* Release */,
			);
			defaultConfigurationIsVisible = 0;
			defaultConfigurationName = Release;
		};
		30FE737F2B8F890500B963B7 /* Build configuration list for PBXNativeTarget "Rubber Warriors" */ = {
			isa = XCConfigurationList;
			buildConfigurations = (
				30FE73802B8F890500B963B7 /* Debug */,
				30FE73812B8F890500B963B7 /* Release */,
			);
			defaultConfigurationIsVisible = 0;
			defaultConfigurationName = Release;
		};
		30FE73822B8F890500B963B7 /* Build configuration list for PBXNativeTarget "Rubber WarriorsTests" */ = {
			isa = XCConfigurationList;
			buildConfigurations = (
				30FE73832B8F890500B963B7 /* Debug */,
				30FE73842B8F890500B963B7 /* Release */,
			);
			defaultConfigurationIsVisible = 0;
			defaultConfigurationName = Release;
		};
		30FE73852B8F890500B963B7 /* Build configuration list for PBXNativeTarget "Rubber WarriorsUITests" */ = {
			isa = XCConfigurationList;
			buildConfigurations = (
				30FE73862B8F890500B963B7 /* Debug */,
				30FE73872B8F890500B963B7 /* Release */,
			);
			defaultConfigurationIsVisible = 0;
			defaultConfigurationName = Release;
		};
/* End XCConfigurationList section */
	};
	rootObject = 30FE73532B8F890300B963B7 /* Project object */;
}
